
Microsoft Visual Studio Solution File, Format Version 12.00
# Visual Studio Version 16
VisualStudioVersion = 16.0.29920.165
MinimumVisualStudioVersion = 10.0.40219.1
Project("{FAE04EC0-301F-11D3-BF4B-00C04F79EFBC}") = "Task1", "Task1\Task1.csproj", "{B6496595-1333-467F-8328-29F03F5161DB}"
EndProject
Global
	GlobalSection(SolutionConfigurationPlatforms) = preSolution
		Debug|Any CPU = Debug|Any CPU
		Release|Any CPU = Release|Any CPU
	EndGlobalSection
	GlobalSection(ProjectConfigurationPlatforms) = postSolution
		{B6496595-1333-467F-8328-29F03F5161DB}.Debug|Any CPU.ActiveCfg = Debug|Any CPU
		{B6496595-1333-467F-8328-29F03F5161DB}.Debug|Any CPU.Build.0 = Debug|Any CPU
		{B6496595-1333-467F-8328-29F03F5161DB}.Release|Any CPU.ActiveCfg = Release|Any CPU
		{B6496595-1333-467F-8328-29F03F5161DB}.Release|Any CPU.Build.0 = Release|Any CPU
	EndGlobalSection
	GlobalSection(SolutionProperties) = preSolution
		HideSolutionNode = FALSE
	EndGlobalSection
	GlobalSection(ExtensibilityGlobals) = postSolution
		SolutionGuid = {88E88725-E265-461D-8743-C05BA3C5E262}
	EndGlobalSection
EndGlobal
