
Microsoft Visual Studio Solution File, Format Version 12.00
# Visual Studio Version 16
VisualStudioVersion = 16.0.29920.165
MinimumVisualStudioVersion = 10.0.40219.1
Project("{FAE04EC0-301F-11D3-BF4B-00C04F79EFBC}") = "Task1", "Task1\Task1.csproj", "{36D40D08-B3CA-473C-B71D-0AD2C04FD611}"
EndProject
Project("{FAE04EC0-301F-11D3-BF4B-00C04F79EFBC}") = "Task", "Task\Task.csproj", "{A162D14C-8EC9-4475-BD88-C0D9EE35014B}"
EndProject
Global
	GlobalSection(SolutionConfigurationPlatforms) = preSolution
		Debug|Any CPU = Debug|Any CPU
		Release|Any CPU = Release|Any CPU
	EndGlobalSection
	GlobalSection(ProjectConfigurationPlatforms) = postSolution
		{36D40D08-B3CA-473C-B71D-0AD2C04FD611}.Debug|Any CPU.ActiveCfg = Debug|Any CPU
		{36D40D08-B3CA-473C-B71D-0AD2C04FD611}.Debug|Any CPU.Build.0 = Debug|Any CPU
		{36D40D08-B3CA-473C-B71D-0AD2C04FD611}.Release|Any CPU.ActiveCfg = Release|Any CPU
		{36D40D08-B3CA-473C-B71D-0AD2C04FD611}.Release|Any CPU.Build.0 = Release|Any CPU
		{A162D14C-8EC9-4475-BD88-C0D9EE35014B}.Debug|Any CPU.ActiveCfg = Debug|Any CPU
		{A162D14C-8EC9-4475-BD88-C0D9EE35014B}.Debug|Any CPU.Build.0 = Debug|Any CPU
		{A162D14C-8EC9-4475-BD88-C0D9EE35014B}.Release|Any CPU.ActiveCfg = Release|Any CPU
		{A162D14C-8EC9-4475-BD88-C0D9EE35014B}.Release|Any CPU.Build.0 = Release|Any CPU
	EndGlobalSection
	GlobalSection(SolutionProperties) = preSolution
		HideSolutionNode = FALSE
	EndGlobalSection
	GlobalSection(ExtensibilityGlobals) = postSolution
		SolutionGuid = {01D784BE-4F4F-4C07-93EB-CE92E51D0453}
	EndGlobalSection
EndGlobal
